
Microsoft Visual Studio Solution File, Format Version 12.00
# Visual Studio Version 17
VisualStudioVersion = 17.0.32014.148
MinimumVisualStudioVersion = 10.0.40219.1
Project("{FAE04EC0-301F-11D3-BF4B-00C04F79EFBC}") = "SimpleUpdateHandler", "SimpleUpdateHandler\SimpleUpdateHandler.csproj", "{DF4E6186-9D02-4957-B04D-770BADA8F576}"
EndProject
Global
	GlobalSection(SolutionConfigurationPlatforms) = preSolution
		Debug|Any CPU = Debug|Any CPU
		Release|Any CPU = Release|Any CPU
	EndGlobalSection
	GlobalSection(ProjectConfigurationPlatforms) = postSolution
		{DF4E6186-9D02-4957-B04D-770BADA8F576}.Debug|Any CPU.ActiveCfg = Debug|Any CPU
		{DF4E6186-9D02-4957-B04D-770BADA8F576}.Debug|Any CPU.Build.0 = Debug|Any CPU
		{DF4E6186-9D02-4957-B04D-770BADA8F576}.Release|Any CPU.ActiveCfg = Release|Any CPU
		{DF4E6186-9D02-4957-B04D-770BADA8F576}.Release|Any CPU.Build.0 = Release|Any CPU
	EndGlobalSection
	GlobalSection(SolutionProperties) = preSolution
		HideSolutionNode = FALSE
	EndGlobalSection
	GlobalSection(ExtensibilityGlobals) = postSolution
		SolutionGuid = {5D427D16-24AA-456E-8780-973962E0CC42}
	EndGlobalSection
EndGlobal
